
Microsoft Visual Studio Solution File, Format Version 12.00
# Visual Studio 15
VisualStudioVersion = 15.0.28307.489
MinimumVisualStudioVersion = 10.0.40219.1
Project("{FAE04EC0-301F-11D3-BF4B-00C04F79EFBC}") = "CardBuilderLab", "CardBuilderLab\CardBuilderLab.csproj", "{F19AB859-B317-4887-9D6E-23D8D50409D0}"
EndProject
Global
	GlobalSection(SolutionConfigurationPlatforms) = preSolution
		Debug|Any CPU = Debug|Any CPU
		Release|Any CPU = Release|Any CPU
	EndGlobalSection
	GlobalSection(ProjectConfigurationPlatforms) = postSolution
		{F19AB859-B317-4887-9D6E-23D8D50409D0}.Debug|Any CPU.ActiveCfg = Debug|Any CPU
		{F19AB859-B317-4887-9D6E-23D8D50409D0}.Debug|Any CPU.Build.0 = Debug|Any CPU
		{F19AB859-B317-4887-9D6E-23D8D50409D0}.Release|Any CPU.ActiveCfg = Release|Any CPU
		{F19AB859-B317-4887-9D6E-23D8D50409D0}.Release|Any CPU.Build.0 = Release|Any CPU
	EndGlobalSection
	GlobalSection(SolutionProperties) = preSolution
		HideSolutionNode = FALSE
	EndGlobalSection
	GlobalSection(ExtensibilityGlobals) = postSolution
		SolutionGuid = {3381BAEF-386D-4AB1-90BA-F29BB50034E7}
	EndGlobalSection
EndGlobal
